// !$*UTF8*$!
{
	archiveVersion = 1;
	classes = {
	};
	objectVersion = 50;
	objects = {

/* Begin PBXBuildFile section */
		0021F077247F593D0058CBA7 /* UIKit+Extensions.swift in Sources */ = {isa = PBXBuildFile; fileRef = 0021F075247F593D0058CBA7 /* UIKit+Extensions.swift */; };
		0021F078247F593D0058CBA7 /* Foundation+Extensions.swift in Sources */ = {isa = PBXBuildFile; fileRef = 0021F076247F593D0058CBA7 /* Foundation+Extensions.swift */; };
		0021F086247F59EA0058CBA7 /* AlbumsViewModelFactory.swift in Sources */ = {isa = PBXBuildFile; fileRef = 0021F083247F59EA0058CBA7 /* AlbumsViewModelFactory.swift */; };
		0021F09B247F5B030058CBA7 /* AlbumListViewModelTests.swift in Sources */ = {isa = PBXBuildFile; fileRef = 0021F094247F5B030058CBA7 /* AlbumListViewModelTests.swift */; };
		0021F09C247F5B030058CBA7 /* AlbumTestsJSONLoader.swift in Sources */ = {isa = PBXBuildFile; fileRef = 0021F095247F5B030058CBA7 /* AlbumTestsJSONLoader.swift */; };
		0021F09D247F5B030058CBA7 /* AlbumDetailsViewModelTests.swift in Sources */ = {isa = PBXBuildFile; fileRef = 0021F096247F5B030058CBA7 /* AlbumDetailsViewModelTests.swift */; };
		0021F09E247F5B030058CBA7 /* AlbumTestsJSONLoader+JSON.swift in Sources */ = {isa = PBXBuildFile; fileRef = 0021F097247F5B030058CBA7 /* AlbumTestsJSONLoader+JSON.swift */; };
		0021F0A2247F63BA0058CBA7 /* AppDelegate.swift in Sources */ = {isa = PBXBuildFile; fileRef = 0021F0A0247F63BA0058CBA7 /* AppDelegate.swift */; };
		0021F0A3247F63BA0058CBA7 /* SceneDelegate.swift in Sources */ = {isa = PBXBuildFile; fileRef = 0021F0A1247F63BA0058CBA7 /* SceneDelegate.swift */; };
		0021F0AE247F68220058CBA7 /* LocalDataCache.swift in Sources */ = {isa = PBXBuildFile; fileRef = 0021F0AB247F68220058CBA7 /* LocalDataCache.swift */; };
		0021F0AF247F68220058CBA7 /* LocalDataService.swift in Sources */ = {isa = PBXBuildFile; fileRef = 0021F0AC247F68220058CBA7 /* LocalDataService.swift */; };
		0021F0B0247F68220058CBA7 /* LocalDataServiceProtocol.swift in Sources */ = {isa = PBXBuildFile; fileRef = 0021F0AD247F68220058CBA7 /* LocalDataServiceProtocol.swift */; };
		0021F0B3247F68660058CBA7 /* AlbumListViewController.swift in Sources */ = {isa = PBXBuildFile; fileRef = 0021F0B1247F68660058CBA7 /* AlbumListViewController.swift */; };
		0021F0B4247F68660058CBA7 /* AlbumListViewController+TableView.swift in Sources */ = {isa = PBXBuildFile; fileRef = 0021F0B2247F68660058CBA7 /* AlbumListViewController+TableView.swift */; };
		0021F0B6247F687E0058CBA7 /* AlbumListLabel.swift in Sources */ = {isa = PBXBuildFile; fileRef = 0021F0B5247F687E0058CBA7 /* AlbumListLabel.swift */; };
		0021F0B9247F68C60058CBA7 /* AlbumDetailsViewModel.swift in Sources */ = {isa = PBXBuildFile; fileRef = 0021F0B7247F68C60058CBA7 /* AlbumDetailsViewModel.swift */; };
		0021F0BA247F68C60058CBA7 /* AlbumDetailsViewModel+Album.swift in Sources */ = {isa = PBXBuildFile; fileRef = 0021F0B8247F68C60058CBA7 /* AlbumDetailsViewModel+Album.swift */; };
		0021F0BE247F68E20058CBA7 /* AlbumListViewModel+Album.swift in Sources */ = {isa = PBXBuildFile; fileRef = 0021F0BB247F68E10058CBA7 /* AlbumListViewModel+Album.swift */; };
		0021F0BF247F68E20058CBA7 /* AlbumListViewModel+Service.swift in Sources */ = {isa = PBXBuildFile; fileRef = 0021F0BC247F68E10058CBA7 /* AlbumListViewModel+Service.swift */; };
		0021F0C0247F68E20058CBA7 /* AlbumListViewModel.swift in Sources */ = {isa = PBXBuildFile; fileRef = 0021F0BD247F68E20058CBA7 /* AlbumListViewModel.swift */; };
		0021F0C3247F69A20058CBA7 /* DetailsViewController.swift in Sources */ = {isa = PBXBuildFile; fileRef = 0021F0C1247F69A20058CBA7 /* DetailsViewController.swift */; };
		0021F0C4247F69A20058CBA7 /* AlbumListTableViewCell.swift in Sources */ = {isa = PBXBuildFile; fileRef = 0021F0C2247F69A20058CBA7 /* AlbumListTableViewCell.swift */; };
		0021F0C7247F6BF90058CBA7 /* AlbumTests+JSON.swift in Sources */ = {isa = PBXBuildFile; fileRef = 0021F0C5247F6BF80058CBA7 /* AlbumTests+JSON.swift */; };
		0021F0C8247F6BF90058CBA7 /* AlbumTests.swift in Sources */ = {isa = PBXBuildFile; fileRef = 0021F0C6247F6BF80058CBA7 /* AlbumTests.swift */; };
		0021F0D3247F6C100058CBA7 /* feed.json in Resources */ = {isa = PBXBuildFile; fileRef = 0021F0C9247F6C0F0058CBA7 /* feed.json */; };
		0021F0D4247F6C100058CBA7 /* album_empty_artist_name.json in Resources */ = {isa = PBXBuildFile; fileRef = 0021F0CA247F6C0F0058CBA7 /* album_empty_artist_name.json */; };
		0021F0D5247F6C100058CBA7 /* album_empty_album_name.json in Resources */ = {isa = PBXBuildFile; fileRef = 0021F0CB247F6C0F0058CBA7 /* album_empty_album_name.json */; };
		0021F0D6247F6C100058CBA7 /* album_empty_genres.json in Resources */ = {isa = PBXBuildFile; fileRef = 0021F0CC247F6C0F0058CBA7 /* album_empty_genres.json */; };
		0021F0D7247F6C100058CBA7 /* album_base.json in Resources */ = {isa = PBXBuildFile; fileRef = 0021F0CD247F6C0F0058CBA7 /* album_base.json */; };
		0021F0D8247F6C100058CBA7 /* album_empty_release_date.json in Resources */ = {isa = PBXBuildFile; fileRef = 0021F0CE247F6C0F0058CBA7 /* album_empty_release_date.json */; };
		0021F0D9247F6C100058CBA7 /* album_empty_copyright.json in Resources */ = {isa = PBXBuildFile; fileRef = 0021F0CF247F6C0F0058CBA7 /* album_empty_copyright.json */; };
		0021F0DA247F6C100058CBA7 /* album_empty_itunes_url.json in Resources */ = {isa = PBXBuildFile; fileRef = 0021F0D0247F6C0F0058CBA7 /* album_empty_itunes_url.json */; };
		0021F0DB247F6C100058CBA7 /* album_empty_album_art.json in Resources */ = {isa = PBXBuildFile; fileRef = 0021F0D1247F6C0F0058CBA7 /* album_empty_album_art.json */; };
		0021F0DC247F6C100058CBA7 /* all.json in Resources */ = {isa = PBXBuildFile; fileRef = 0021F0D2247F6C100058CBA7 /* all.json */; };
		0021F0E1247F6C210058CBA7 /* MockAlbumsService.swift in Sources */ = {isa = PBXBuildFile; fileRef = 0021F0DD247F6C210058CBA7 /* MockAlbumsService.swift */; };
		0021F0E2247F6C210058CBA7 /* MockAlbumViewModelFactory.swift in Sources */ = {isa = PBXBuildFile; fileRef = 0021F0DE247F6C210058CBA7 /* MockAlbumViewModelFactory.swift */; };
		0021F0E3247F6C210058CBA7 /* MockDataService.swift in Sources */ = {isa = PBXBuildFile; fileRef = 0021F0DF247F6C210058CBA7 /* MockDataService.swift */; };
		0021F0E4247F6C210058CBA7 /* SingleMockAlbumService.swift in Sources */ = {isa = PBXBuildFile; fileRef = 0021F0E0247F6C210058CBA7 /* SingleMockAlbumService.swift */; };
		0021F0E8247F6E490058CBA7 /* AlbumsService.swift in Sources */ = {isa = PBXBuildFile; fileRef = 0021F0E5247F6E490058CBA7 /* AlbumsService.swift */; };
		0021F0E9247F6E490058CBA7 /* AlbumsService+Constants.swift in Sources */ = {isa = PBXBuildFile; fileRef = 0021F0E6247F6E490058CBA7 /* AlbumsService+Constants.swift */; };
		0021F0EA247F6E490058CBA7 /* AlbumsServiceProtocol.swift in Sources */ = {isa = PBXBuildFile; fileRef = 0021F0E7247F6E490058CBA7 /* AlbumsServiceProtocol.swift */; };
		00772A91247B1DBA00A0F3CC /* ExtensionTests.swift in Sources */ = {isa = PBXBuildFile; fileRef = 00772A90247B1DBA00A0F3CC /* ExtensionTests.swift */; };
		00772A93247B1EBC00A0F3CC /* AlbumListLabelTests.swift in Sources */ = {isa = PBXBuildFile; fileRef = 00772A92247B1EBC00A0F3CC /* AlbumListLabelTests.swift */; };
		00E3E59D2474BAEE000578A4 /* Assets.xcassets in Resources */ = {isa = PBXBuildFile; fileRef = 00E3E59C2474BAEE000578A4 /* Assets.xcassets */; };
		00E3E5A02474BAEE000578A4 /* LaunchScreen.storyboard in Resources */ = {isa = PBXBuildFile; fileRef = 00E3E59E2474BAEE000578A4 /* LaunchScreen.storyboard */; };
		00E3E5B62474BAEE000578A4 /* Nike_TestUITests.swift in Sources */ = {isa = PBXBuildFile; fileRef = 00E3E5B52474BAEE000578A4 /* Nike_TestUITests.swift */; };
		00E3E5C62474D2B1000578A4 /* README.md in Resources */ = {isa = PBXBuildFile; fileRef = 00E3E5C52474D2B1000578A4 /* README.md */; };
		00E3E5CC2474F027000578A4 /* Album.swift in Sources */ = {isa = PBXBuildFile; fileRef = 00E3E5CB2474F027000578A4 /* Album.swift */; };
		00E3E5D124763554000578A4 /* NetworkService.swift in Sources */ = {isa = PBXBuildFile; fileRef = 00E3E5D024763554000578A4 /* NetworkService.swift */; };
/* End PBXBuildFile section */

/* Begin PBXContainerItemProxy section */
		00E3E5A72474BAEE000578A4 /* PBXContainerItemProxy */ = {
			isa = PBXContainerItemProxy;
			containerPortal = 00E3E5882474BAED000578A4 /* Project object */;
			proxyType = 1;
			remoteGlobalIDString = 00E3E58F2474BAED000578A4;
			remoteInfo = Nike_Test;
		};
		00E3E5B22474BAEE000578A4 /* PBXContainerItemProxy */ = {
			isa = PBXContainerItemProxy;
			containerPortal = 00E3E5882474BAED000578A4 /* Project object */;
			proxyType = 1;
			remoteGlobalIDString = 00E3E58F2474BAED000578A4;
			remoteInfo = Nike_Test;
		};
/* End PBXContainerItemProxy section */

/* Begin PBXFileReference section */
		0021F075247F593D0058CBA7 /* UIKit+Extensions.swift */ = {isa = PBXFileReference; fileEncoding = 4; lastKnownFileType = sourcecode.swift; path = "UIKit+Extensions.swift"; sourceTree = "<group>"; };
		0021F076247F593D0058CBA7 /* Foundation+Extensions.swift */ = {isa = PBXFileReference; fileEncoding = 4; lastKnownFileType = sourcecode.swift; path = "Foundation+Extensions.swift"; sourceTree = "<group>"; };
		0021F083247F59EA0058CBA7 /* AlbumsViewModelFactory.swift */ = {isa = PBXFileReference; fileEncoding = 4; lastKnownFileType = sourcecode.swift; path = AlbumsViewModelFactory.swift; sourceTree = "<group>"; };
		0021F094247F5B030058CBA7 /* AlbumListViewModelTests.swift */ = {isa = PBXFileReference; fileEncoding = 4; lastKnownFileType = sourcecode.swift; path = AlbumListViewModelTests.swift; sourceTree = "<group>"; };
		0021F095247F5B030058CBA7 /* AlbumTestsJSONLoader.swift */ = {isa = PBXFileReference; fileEncoding = 4; lastKnownFileType = sourcecode.swift; path = AlbumTestsJSONLoader.swift; sourceTree = "<group>"; };
		0021F096247F5B030058CBA7 /* AlbumDetailsViewModelTests.swift */ = {isa = PBXFileReference; fileEncoding = 4; lastKnownFileType = sourcecode.swift; path = AlbumDetailsViewModelTests.swift; sourceTree = "<group>"; };
		0021F097247F5B030058CBA7 /* AlbumTestsJSONLoader+JSON.swift */ = {isa = PBXFileReference; fileEncoding = 4; lastKnownFileType = sourcecode.swift; path = "AlbumTestsJSONLoader+JSON.swift"; sourceTree = "<group>"; };
		0021F0A0247F63BA0058CBA7 /* AppDelegate.swift */ = {isa = PBXFileReference; fileEncoding = 4; lastKnownFileType = sourcecode.swift; path = AppDelegate.swift; sourceTree = "<group>"; };
		0021F0A1247F63BA0058CBA7 /* SceneDelegate.swift */ = {isa = PBXFileReference; fileEncoding = 4; lastKnownFileType = sourcecode.swift; path = SceneDelegate.swift; sourceTree = "<group>"; };
		0021F0AB247F68220058CBA7 /* LocalDataCache.swift */ = {isa = PBXFileReference; fileEncoding = 4; lastKnownFileType = sourcecode.swift; path = LocalDataCache.swift; sourceTree = "<group>"; };
		0021F0AC247F68220058CBA7 /* LocalDataService.swift */ = {isa = PBXFileReference; fileEncoding = 4; lastKnownFileType = sourcecode.swift; path = LocalDataService.swift; sourceTree = "<group>"; };
		0021F0AD247F68220058CBA7 /* LocalDataServiceProtocol.swift */ = {isa = PBXFileReference; fileEncoding = 4; lastKnownFileType = sourcecode.swift; path = LocalDataServiceProtocol.swift; sourceTree = "<group>"; };
		0021F0B1247F68660058CBA7 /* AlbumListViewController.swift */ = {isa = PBXFileReference; fileEncoding = 4; lastKnownFileType = sourcecode.swift; path = AlbumListViewController.swift; sourceTree = "<group>"; };
		0021F0B2247F68660058CBA7 /* AlbumListViewController+TableView.swift */ = {isa = PBXFileReference; fileEncoding = 4; lastKnownFileType = sourcecode.swift; path = "AlbumListViewController+TableView.swift"; sourceTree = "<group>"; };
		0021F0B5247F687E0058CBA7 /* AlbumListLabel.swift */ = {isa = PBXFileReference; fileEncoding = 4; lastKnownFileType = sourcecode.swift; path = AlbumListLabel.swift; sourceTree = "<group>"; };
		0021F0B7247F68C60058CBA7 /* AlbumDetailsViewModel.swift */ = {isa = PBXFileReference; fileEncoding = 4; lastKnownFileType = sourcecode.swift; path = AlbumDetailsViewModel.swift; sourceTree = "<group>"; };
		0021F0B8247F68C60058CBA7 /* AlbumDetailsViewModel+Album.swift */ = {isa = PBXFileReference; fileEncoding = 4; lastKnownFileType = sourcecode.swift; path = "AlbumDetailsViewModel+Album.swift"; sourceTree = "<group>"; };
		0021F0BB247F68E10058CBA7 /* AlbumListViewModel+Album.swift */ = {isa = PBXFileReference; fileEncoding = 4; lastKnownFileType = sourcecode.swift; path = "AlbumListViewModel+Album.swift"; sourceTree = "<group>"; };
		0021F0BC247F68E10058CBA7 /* AlbumListViewModel+Service.swift */ = {isa = PBXFileReference; fileEncoding = 4; lastKnownFileType = sourcecode.swift; path = "AlbumListViewModel+Service.swift"; sourceTree = "<group>"; };
		0021F0BD247F68E20058CBA7 /* AlbumListViewModel.swift */ = {isa = PBXFileReference; fileEncoding = 4; lastKnownFileType = sourcecode.swift; path = AlbumListViewModel.swift; sourceTree = "<group>"; };
		0021F0C1247F69A20058CBA7 /* DetailsViewController.swift */ = {isa = PBXFileReference; fileEncoding = 4; lastKnownFileType = sourcecode.swift; path = DetailsViewController.swift; sourceTree = "<group>"; };
		0021F0C2247F69A20058CBA7 /* AlbumListTableViewCell.swift */ = {isa = PBXFileReference; fileEncoding = 4; lastKnownFileType = sourcecode.swift; path = AlbumListTableViewCell.swift; sourceTree = "<group>"; };
		0021F0C5247F6BF80058CBA7 /* AlbumTests+JSON.swift */ = {isa = PBXFileReference; fileEncoding = 4; lastKnownFileType = sourcecode.swift; path = "AlbumTests+JSON.swift"; sourceTree = "<group>"; };
		0021F0C6247F6BF80058CBA7 /* AlbumTests.swift */ = {isa = PBXFileReference; fileEncoding = 4; lastKnownFileType = sourcecode.swift; path = AlbumTests.swift; sourceTree = "<group>"; };
		0021F0C9247F6C0F0058CBA7 /* feed.json */ = {isa = PBXFileReference; fileEncoding = 4; lastKnownFileType = text.json; path = feed.json; sourceTree = "<group>"; };
		0021F0CA247F6C0F0058CBA7 /* album_empty_artist_name.json */ = {isa = PBXFileReference; fileEncoding = 4; lastKnownFileType = text.json; path = album_empty_artist_name.json; sourceTree = "<group>"; };
		0021F0CB247F6C0F0058CBA7 /* album_empty_album_name.json */ = {isa = PBXFileReference; fileEncoding = 4; lastKnownFileType = text.json; path = album_empty_album_name.json; sourceTree = "<group>"; };
		0021F0CC247F6C0F0058CBA7 /* album_empty_genres.json */ = {isa = PBXFileReference; fileEncoding = 4; lastKnownFileType = text.json; path = album_empty_genres.json; sourceTree = "<group>"; };
		0021F0CD247F6C0F0058CBA7 /* album_base.json */ = {isa = PBXFileReference; fileEncoding = 4; lastKnownFileType = text.json; path = album_base.json; sourceTree = "<group>"; };
		0021F0CE247F6C0F0058CBA7 /* album_empty_release_date.json */ = {isa = PBXFileReference; fileEncoding = 4; lastKnownFileType = text.json; path = album_empty_release_date.json; sourceTree = "<group>"; };
		0021F0CF247F6C0F0058CBA7 /* album_empty_copyright.json */ = {isa = PBXFileReference; fileEncoding = 4; lastKnownFileType = text.json; path = album_empty_copyright.json; sourceTree = "<group>"; };
		0021F0D0247F6C0F0058CBA7 /* album_empty_itunes_url.json */ = {isa = PBXFileReference; fileEncoding = 4; lastKnownFileType = text.json; path = album_empty_itunes_url.json; sourceTree = "<group>"; };
		0021F0D1247F6C0F0058CBA7 /* album_empty_album_art.json */ = {isa = PBXFileReference; fileEncoding = 4; lastKnownFileType = text.json; path = album_empty_album_art.json; sourceTree = "<group>"; };
		0021F0D2247F6C100058CBA7 /* all.json */ = {isa = PBXFileReference; fileEncoding = 4; lastKnownFileType = text.json; path = all.json; sourceTree = "<group>"; };
		0021F0DD247F6C210058CBA7 /* MockAlbumsService.swift */ = {isa = PBXFileReference; fileEncoding = 4; lastKnownFileType = sourcecode.swift; path = MockAlbumsService.swift; sourceTree = "<group>"; };
		0021F0DE247F6C210058CBA7 /* MockAlbumViewModelFactory.swift */ = {isa = PBXFileReference; fileEncoding = 4; lastKnownFileType = sourcecode.swift; path = MockAlbumViewModelFactory.swift; sourceTree = "<group>"; };
		0021F0DF247F6C210058CBA7 /* MockDataService.swift */ = {isa = PBXFileReference; fileEncoding = 4; lastKnownFileType = sourcecode.swift; path = MockDataService.swift; sourceTree = "<group>"; };
		0021F0E0247F6C210058CBA7 /* SingleMockAlbumService.swift */ = {isa = PBXFileReference; fileEncoding = 4; lastKnownFileType = sourcecode.swift; path = SingleMockAlbumService.swift; sourceTree = "<group>"; };
		0021F0E5247F6E490058CBA7 /* AlbumsService.swift */ = {isa = PBXFileReference; fileEncoding = 4; lastKnownFileType = sourcecode.swift; path = AlbumsService.swift; sourceTree = "<group>"; };
		0021F0E6247F6E490058CBA7 /* AlbumsService+Constants.swift */ = {isa = PBXFileReference; fileEncoding = 4; lastKnownFileType = sourcecode.swift; path = "AlbumsService+Constants.swift"; sourceTree = "<group>"; };
		0021F0E7247F6E490058CBA7 /* AlbumsServiceProtocol.swift */ = {isa = PBXFileReference; fileEncoding = 4; lastKnownFileType = sourcecode.swift; path = AlbumsServiceProtocol.swift; sourceTree = "<group>"; };
		00772A90247B1DBA00A0F3CC /* ExtensionTests.swift */ = {isa = PBXFileReference; lastKnownFileType = sourcecode.swift; path = ExtensionTests.swift; sourceTree = "<group>"; };
		00772A92247B1EBC00A0F3CC /* AlbumListLabelTests.swift */ = {isa = PBXFileReference; lastKnownFileType = sourcecode.swift; path = AlbumListLabelTests.swift; sourceTree = "<group>"; };
		00E3E5902474BAED000578A4 /* Nike_Test.app */ = {isa = PBXFileReference; explicitFileType = wrapper.application; includeInIndex = 0; path = Nike_Test.app; sourceTree = BUILT_PRODUCTS_DIR; };
		00E3E59C2474BAEE000578A4 /* Assets.xcassets */ = {isa = PBXFileReference; lastKnownFileType = folder.assetcatalog; path = Assets.xcassets; sourceTree = "<group>"; };
		00E3E59F2474BAEE000578A4 /* Base */ = {isa = PBXFileReference; lastKnownFileType = file.storyboard; name = Base; path = Base.lproj/LaunchScreen.storyboard; sourceTree = "<group>"; };
		00E3E5A12474BAEE000578A4 /* Info.plist */ = {isa = PBXFileReference; lastKnownFileType = text.plist.xml; path = Info.plist; sourceTree = "<group>"; };
		00E3E5A62474BAEE000578A4 /* Nike_TestTests.xctest */ = {isa = PBXFileReference; explicitFileType = wrapper.cfbundle; includeInIndex = 0; path = Nike_TestTests.xctest; sourceTree = BUILT_PRODUCTS_DIR; };
		00E3E5AC2474BAEE000578A4 /* Info.plist */ = {isa = PBXFileReference; lastKnownFileType = text.plist.xml; path = Info.plist; sourceTree = "<group>"; };
		00E3E5B12474BAEE000578A4 /* Nike_TestUITests.xctest */ = {isa = PBXFileReference; explicitFileType = wrapper.cfbundle; includeInIndex = 0; path = Nike_TestUITests.xctest; sourceTree = BUILT_PRODUCTS_DIR; };
		00E3E5B52474BAEE000578A4 /* Nike_TestUITests.swift */ = {isa = PBXFileReference; lastKnownFileType = sourcecode.swift; path = Nike_TestUITests.swift; sourceTree = "<group>"; };
		00E3E5B72474BAEE000578A4 /* Info.plist */ = {isa = PBXFileReference; lastKnownFileType = text.plist.xml; path = Info.plist; sourceTree = "<group>"; };
		00E3E5C52474D2B1000578A4 /* README.md */ = {isa = PBXFileReference; fileEncoding = 4; lastKnownFileType = net.daringfireball.markdown; path = README.md; sourceTree = SOURCE_ROOT; };
		00E3E5CB2474F027000578A4 /* Album.swift */ = {isa = PBXFileReference; lastKnownFileType = sourcecode.swift; path = Album.swift; sourceTree = "<group>"; };
		00E3E5D024763554000578A4 /* NetworkService.swift */ = {isa = PBXFileReference; lastKnownFileType = sourcecode.swift; path = NetworkService.swift; sourceTree = "<group>"; };
/* End PBXFileReference section */

/* Begin PBXFrameworksBuildPhase section */
		00E3E58D2474BAED000578A4 /* Frameworks */ = {
			isa = PBXFrameworksBuildPhase;
			buildActionMask = 2147483647;
			files = (
			);
			runOnlyForDeploymentPostprocessing = 0;
		};
		00E3E5A32474BAEE000578A4 /* Frameworks */ = {
			isa = PBXFrameworksBuildPhase;
			buildActionMask = 2147483647;
			files = (
			);
			runOnlyForDeploymentPostprocessing = 0;
		};
		00E3E5AE2474BAEE000578A4 /* Frameworks */ = {
			isa = PBXFrameworksBuildPhase;
			buildActionMask = 2147483647;
			files = (
			);
			runOnlyForDeploymentPostprocessing = 0;
		};
/* End PBXFrameworksBuildPhase section */

/* Begin PBXGroup section */
		0021F0EB247F6E690058CBA7 /* AlbumService */ = {
			isa = PBXGroup;
			children = (
				0021F0E5247F6E490058CBA7 /* AlbumsService.swift */,
				0021F0E6247F6E490058CBA7 /* AlbumsService+Constants.swift */,
				0021F0E7247F6E490058CBA7 /* AlbumsServiceProtocol.swift */,
			);
			path = AlbumService;
			sourceTree = "<group>";
		};
		0021F0EC247F6E800058CBA7 /* DataService */ = {
			isa = PBXGroup;
			children = (
				0021F0AB247F68220058CBA7 /* LocalDataCache.swift */,
				0021F0AC247F68220058CBA7 /* LocalDataService.swift */,
				0021F0AD247F68220058CBA7 /* LocalDataServiceProtocol.swift */,
			);
			path = DataService;
			sourceTree = "<group>";
		};
		0021F0ED247F6F2E0058CBA7 /* AlbumListViewController */ = {
			isa = PBXGroup;
			children = (
				0021F0B1247F68660058CBA7 /* AlbumListViewController.swift */,
				0021F0B2247F68660058CBA7 /* AlbumListViewController+TableView.swift */,
			);
			path = AlbumListViewController;
			sourceTree = "<group>";
		};
		0021F0EE247F6F470058CBA7 /* Custom UIViews */ = {
			isa = PBXGroup;
			children = (
				0021F0B5247F687E0058CBA7 /* AlbumListLabel.swift */,
			);
			path = "Custom UIViews";
			sourceTree = "<group>";
		};
		0021F0EF247F6F930058CBA7 /* AlbumListViewModel */ = {
			isa = PBXGroup;
			children = (
				0021F0BD247F68E20058CBA7 /* AlbumListViewModel.swift */,
				0021F0BB247F68E10058CBA7 /* AlbumListViewModel+Album.swift */,
				0021F0BC247F68E10058CBA7 /* AlbumListViewModel+Service.swift */,
			);
			path = AlbumListViewModel;
			sourceTree = "<group>";
		};
		0021F0F0247F6FC40058CBA7 /* AlbumDetailsViewModel */ = {
			isa = PBXGroup;
			children = (
				0021F0B7247F68C60058CBA7 /* AlbumDetailsViewModel.swift */,
				0021F0B8247F68C60058CBA7 /* AlbumDetailsViewModel+Album.swift */,
			);
			path = AlbumDetailsViewModel;
			sourceTree = "<group>";
		};
		0021F0F1247F6FEC0058CBA7 /* AlbumTests */ = {
			isa = PBXGroup;
			children = (
				0021F0C6247F6BF80058CBA7 /* AlbumTests.swift */,
				0021F0C5247F6BF80058CBA7 /* AlbumTests+JSON.swift */,
			);
			path = AlbumTests;
			sourceTree = "<group>";
		};
		0021F0F2247F6FFC0058CBA7 /* JSON */ = {
			isa = PBXGroup;
			children = (
				0021F0CD247F6C0F0058CBA7 /* album_base.json */,
				0021F0D1247F6C0F0058CBA7 /* album_empty_album_art.json */,
				0021F0CB247F6C0F0058CBA7 /* album_empty_album_name.json */,
				0021F0CA247F6C0F0058CBA7 /* album_empty_artist_name.json */,
				0021F0CF247F6C0F0058CBA7 /* album_empty_copyright.json */,
				0021F0CC247F6C0F0058CBA7 /* album_empty_genres.json */,
				0021F0D0247F6C0F0058CBA7 /* album_empty_itunes_url.json */,
				0021F0CE247F6C0F0058CBA7 /* album_empty_release_date.json */,
				0021F0D2247F6C100058CBA7 /* all.json */,
				0021F0C9247F6C0F0058CBA7 /* feed.json */,
			);
			path = JSON;
			sourceTree = "<group>";
		};
		0021F0F3247F70230058CBA7 /* MockAlbumViewModelFactory */ = {
			isa = PBXGroup;
			children = (
				0021F0DD247F6C210058CBA7 /* MockAlbumsService.swift */,
				0021F0DE247F6C210058CBA7 /* MockAlbumViewModelFactory.swift */,
				0021F0DF247F6C210058CBA7 /* MockDataService.swift */,
				0021F0E0247F6C210058CBA7 /* SingleMockAlbumService.swift */,
			);
			path = MockAlbumViewModelFactory;
			sourceTree = "<group>";
		};
		00E3E5872474BAED000578A4 = {
			isa = PBXGroup;
			children = (
				00E3E5922474BAED000578A4 /* Nike_Test */,
				00E3E5A92474BAEE000578A4 /* Nike_TestTests */,
				00E3E5B42474BAEE000578A4 /* Nike_TestUITests */,
				00E3E5912474BAED000578A4 /* Products */,
			);
			sourceTree = "<group>";
		};
		00E3E5912474BAED000578A4 /* Products */ = {
			isa = PBXGroup;
			children = (
				00E3E5902474BAED000578A4 /* Nike_Test.app */,
				00E3E5A62474BAEE000578A4 /* Nike_TestTests.xctest */,
				00E3E5B12474BAEE000578A4 /* Nike_TestUITests.xctest */,
			);
			name = Products;
			sourceTree = "<group>";
		};
		00E3E5922474BAED000578A4 /* Nike_Test */ = {
			isa = PBXGroup;
			children = (
				00F048272479C1AF000D60FA /* Extensions */,
				00E3E5CF24763516000578A4 /* Services */,
				00E3E5CA2474DFA7000578A4 /* Resources */,
				00E3E5C92474DF87000578A4 /* View */,
				00E3E5C82474DF7C000578A4 /* ViewModel */,
				00E3E5C72474DF74000578A4 /* Model */,
				00E3E5C52474D2B1000578A4 /* README.md */,
				00E3E5A12474BAEE000578A4 /* Info.plist */,
			);
			path = Nike_Test;
			sourceTree = "<group>";
		};
		00E3E5A92474BAEE000578A4 /* Nike_TestTests */ = {
			isa = PBXGroup;
			children = (
				0021F096247F5B030058CBA7 /* AlbumDetailsViewModelTests.swift */,
				0021F0F1247F6FEC0058CBA7 /* AlbumTests */,
				0021F0F2247F6FFC0058CBA7 /* JSON */,
				0021F094247F5B030058CBA7 /* AlbumListViewModelTests.swift */,
				0021F0F3247F70230058CBA7 /* MockAlbumViewModelFactory */,
				0021F095247F5B030058CBA7 /* AlbumTestsJSONLoader.swift */,
				0021F097247F5B030058CBA7 /* AlbumTestsJSONLoader+JSON.swift */,
				00772A90247B1DBA00A0F3CC /* ExtensionTests.swift */,
				00E3E5AC2474BAEE000578A4 /* Info.plist */,
				00772A92247B1EBC00A0F3CC /* AlbumListLabelTests.swift */,
			);
			path = Nike_TestTests;
			sourceTree = "<group>";
		};
		00E3E5B42474BAEE000578A4 /* Nike_TestUITests */ = {
			isa = PBXGroup;
			children = (
				00E3E5B52474BAEE000578A4 /* Nike_TestUITests.swift */,
				00E3E5B72474BAEE000578A4 /* Info.plist */,
			);
			path = Nike_TestUITests;
			sourceTree = "<group>";
		};
		00E3E5C72474DF74000578A4 /* Model */ = {
			isa = PBXGroup;
			children = (
				00E3E5CB2474F027000578A4 /* Album.swift */,
			);
			path = Model;
			sourceTree = "<group>";
		};
		00E3E5C82474DF7C000578A4 /* ViewModel */ = {
			isa = PBXGroup;
			children = (
				0021F0F0247F6FC40058CBA7 /* AlbumDetailsViewModel */,
				0021F0EF247F6F930058CBA7 /* AlbumListViewModel */,
			);
			path = ViewModel;
			sourceTree = "<group>";
		};
		00E3E5C92474DF87000578A4 /* View */ = {
			isa = PBXGroup;
			children = (
				0021F0ED247F6F2E0058CBA7 /* AlbumListViewController */,
				0021F0C2247F69A20058CBA7 /* AlbumListTableViewCell.swift */,
				0021F0C1247F69A20058CBA7 /* DetailsViewController.swift */,
				0021F0EE247F6F470058CBA7 /* Custom UIViews */,
			);
			path = View;
			sourceTree = "<group>";
		};
		00E3E5CA2474DFA7000578A4 /* Resources */ = {
			isa = PBXGroup;
			children = (
				0021F0A0247F63BA0058CBA7 /* AppDelegate.swift */,
				0021F0A1247F63BA0058CBA7 /* SceneDelegate.swift */,
				00E3E59E2474BAEE000578A4 /* LaunchScreen.storyboard */,
				00E3E59C2474BAEE000578A4 /* Assets.xcassets */,
			);
			path = Resources;
			sourceTree = "<group>";
		};
		00E3E5CF24763516000578A4 /* Services */ = {
			isa = PBXGroup;
			children = (
				0021F0EC247F6E800058CBA7 /* DataService */,
				00E3E5D024763554000578A4 /* NetworkService.swift */,
				0021F0EB247F6E690058CBA7 /* AlbumService */,
				0021F083247F59EA0058CBA7 /* AlbumsViewModelFactory.swift */,
			);
			path = Services;
			sourceTree = "<group>";
		};
		00F048272479C1AF000D60FA /* Extensions */ = {
			isa = PBXGroup;
			children = (
				0021F076247F593D0058CBA7 /* Foundation+Extensions.swift */,
				0021F075247F593D0058CBA7 /* UIKit+Extensions.swift */,
			);
			path = Extensions;
			sourceTree = "<group>";
		};
/* End PBXGroup section */

/* Begin PBXNativeTarget section */
		00E3E58F2474BAED000578A4 /* Nike_Test */ = {
			isa = PBXNativeTarget;
			buildConfigurationList = 00E3E5BA2474BAEE000578A4 /* Build configuration list for PBXNativeTarget "Nike_Test" */;
			buildPhases = (
				00E3E58C2474BAED000578A4 /* Sources */,
				00E3E58D2474BAED000578A4 /* Frameworks */,
				00E3E58E2474BAED000578A4 /* Resources */,
			);
			buildRules = (
			);
			dependencies = (
			);
			name = Nike_Test;
			productName = Nike_Test;
			productReference = 00E3E5902474BAED000578A4 /* Nike_Test.app */;
			productType = "com.apple.product-type.application";
		};
		00E3E5A52474BAEE000578A4 /* Nike_TestTests */ = {
			isa = PBXNativeTarget;
			buildConfigurationList = 00E3E5BD2474BAEE000578A4 /* Build configuration list for PBXNativeTarget "Nike_TestTests" */;
			buildPhases = (
				00E3E5A22474BAEE000578A4 /* Sources */,
				00E3E5A32474BAEE000578A4 /* Frameworks */,
				00E3E5A42474BAEE000578A4 /* Resources */,
			);
			buildRules = (
			);
			dependencies = (
				00E3E5A82474BAEE000578A4 /* PBXTargetDependency */,
			);
			name = Nike_TestTests;
			productName = Nike_TestTests;
			productReference = 00E3E5A62474BAEE000578A4 /* Nike_TestTests.xctest */;
			productType = "com.apple.product-type.bundle.unit-test";
		};
		00E3E5B02474BAEE000578A4 /* Nike_TestUITests */ = {
			isa = PBXNativeTarget;
			buildConfigurationList = 00E3E5C02474BAEE000578A4 /* Build configuration list for PBXNativeTarget "Nike_TestUITests" */;
			buildPhases = (
				00E3E5AD2474BAEE000578A4 /* Sources */,
				00E3E5AE2474BAEE000578A4 /* Frameworks */,
				00E3E5AF2474BAEE000578A4 /* Resources */,
			);
			buildRules = (
			);
			dependencies = (
				00E3E5B32474BAEE000578A4 /* PBXTargetDependency */,
			);
			name = Nike_TestUITests;
			productName = Nike_TestUITests;
			productReference = 00E3E5B12474BAEE000578A4 /* Nike_TestUITests.xctest */;
			productType = "com.apple.product-type.bundle.ui-testing";
		};
/* End PBXNativeTarget section */

/* Begin PBXProject section */
		00E3E5882474BAED000578A4 /* Project object */ = {
			isa = PBXProject;
			attributes = {
				LastSwiftUpdateCheck = 1140;
				LastUpgradeCheck = 1140;
				ORGANIZATIONNAME = "Robin G";
				TargetAttributes = {
					00E3E58F2474BAED000578A4 = {
						CreatedOnToolsVersion = 11.4.1;
					};
					00E3E5A52474BAEE000578A4 = {
						CreatedOnToolsVersion = 11.4.1;
						TestTargetID = 00E3E58F2474BAED000578A4;
					};
					00E3E5B02474BAEE000578A4 = {
						CreatedOnToolsVersion = 11.4.1;
						TestTargetID = 00E3E58F2474BAED000578A4;
					};
				};
			};
			buildConfigurationList = 00E3E58B2474BAED000578A4 /* Build configuration list for PBXProject "Nike_Test" */;
			compatibilityVersion = "Xcode 9.3";
			developmentRegion = en;
			hasScannedForEncodings = 0;
			knownRegions = (
				en,
				Base,
			);
			mainGroup = 00E3E5872474BAED000578A4;
			productRefGroup = 00E3E5912474BAED000578A4 /* Products */;
			projectDirPath = "";
			projectRoot = "";
			targets = (
				00E3E58F2474BAED000578A4 /* Nike_Test */,
				00E3E5A52474BAEE000578A4 /* Nike_TestTests */,
				00E3E5B02474BAEE000578A4 /* Nike_TestUITests */,
			);
		};
/* End PBXProject section */

/* Begin PBXResourcesBuildPhase section */
		00E3E58E2474BAED000578A4 /* Resources */ = {
			isa = PBXResourcesBuildPhase;
			buildActionMask = 2147483647;
			files = (
				00E3E5C62474D2B1000578A4 /* README.md in Resources */,
				00E3E5A02474BAEE000578A4 /* LaunchScreen.storyboard in Resources */,
				00E3E59D2474BAEE000578A4 /* Assets.xcassets in Resources */,
			);
			runOnlyForDeploymentPostprocessing = 0;
		};
		00E3E5A42474BAEE000578A4 /* Resources */ = {
			isa = PBXResourcesBuildPhase;
			buildActionMask = 2147483647;
			files = (
				0021F0DB247F6C100058CBA7 /* album_empty_album_art.json in Resources */,
				0021F0D3247F6C100058CBA7 /* feed.json in Resources */,
				0021F0D6247F6C100058CBA7 /* album_empty_genres.json in Resources */,
				0021F0DC247F6C100058CBA7 /* all.json in Resources */,
				0021F0D5247F6C100058CBA7 /* album_empty_album_name.json in Resources */,
				0021F0DA247F6C100058CBA7 /* album_empty_itunes_url.json in Resources */,
				0021F0D9247F6C100058CBA7 /* album_empty_copyright.json in Resources */,
				0021F0D4247F6C100058CBA7 /* album_empty_artist_name.json in Resources */,
				0021F0D7247F6C100058CBA7 /* album_base.json in Resources */,
				0021F0D8247F6C100058CBA7 /* album_empty_release_date.json in Resources */,
			);
			runOnlyForDeploymentPostprocessing = 0;
		};
		00E3E5AF2474BAEE000578A4 /* Resources */ = {
			isa = PBXResourcesBuildPhase;
			buildActionMask = 2147483647;
			files = (
			);
			runOnlyForDeploymentPostprocessing = 0;
		};
/* End PBXResourcesBuildPhase section */

/* Begin PBXSourcesBuildPhase section */
		00E3E58C2474BAED000578A4 /* Sources */ = {
			isa = PBXSourcesBuildPhase;
			buildActionMask = 2147483647;
			files = (
				0021F0B6247F687E0058CBA7 /* AlbumListLabel.swift in Sources */,
				0021F0A2247F63BA0058CBA7 /* AppDelegate.swift in Sources */,
				0021F0E8247F6E490058CBA7 /* AlbumsService.swift in Sources */,
				0021F0C3247F69A20058CBA7 /* DetailsViewController.swift in Sources */,
				0021F0B9247F68C60058CBA7 /* AlbumDetailsViewModel.swift in Sources */,
				0021F0E9247F6E490058CBA7 /* AlbumsService+Constants.swift in Sources */,
				0021F0A3247F63BA0058CBA7 /* SceneDelegate.swift in Sources */,
				0021F0B3247F68660058CBA7 /* AlbumListViewController.swift in Sources */,
				0021F0AF247F68220058CBA7 /* LocalDataService.swift in Sources */,
				00E3E5CC2474F027000578A4 /* Album.swift in Sources */,
				0021F077247F593D0058CBA7 /* UIKit+Extensions.swift in Sources */,
				0021F086247F59EA0058CBA7 /* AlbumsViewModelFactory.swift in Sources */,
				0021F0B4247F68660058CBA7 /* AlbumListViewController+TableView.swift in Sources */,
				0021F0EA247F6E490058CBA7 /* AlbumsServiceProtocol.swift in Sources */,
				00E3E5D124763554000578A4 /* NetworkService.swift in Sources */,
				0021F0AE247F68220058CBA7 /* LocalDataCache.swift in Sources */,
				0021F078247F593D0058CBA7 /* Foundation+Extensions.swift in Sources */,
				0021F0BE247F68E20058CBA7 /* AlbumListViewModel+Album.swift in Sources */,
				0021F0C0247F68E20058CBA7 /* AlbumListViewModel.swift in Sources */,
				0021F0BA247F68C60058CBA7 /* AlbumDetailsViewModel+Album.swift in Sources */,
				0021F0B0247F68220058CBA7 /* LocalDataServiceProtocol.swift in Sources */,
				0021F0BF247F68E20058CBA7 /* AlbumListViewModel+Service.swift in Sources */,
				0021F0C4247F69A20058CBA7 /* AlbumListTableViewCell.swift in Sources */,
			);
			runOnlyForDeploymentPostprocessing = 0;
		};
		00E3E5A22474BAEE000578A4 /* Sources */ = {
			isa = PBXSourcesBuildPhase;
			buildActionMask = 2147483647;
			files = (
				0021F09D247F5B030058CBA7 /* AlbumDetailsViewModelTests.swift in Sources */,
				0021F09B247F5B030058CBA7 /* AlbumListViewModelTests.swift in Sources */,
				0021F09C247F5B030058CBA7 /* AlbumTestsJSONLoader.swift in Sources */,
				0021F0E3247F6C210058CBA7 /* MockDataService.swift in Sources */,
				00772A93247B1EBC00A0F3CC /* AlbumListLabelTests.swift in Sources */,
				0021F0E4247F6C210058CBA7 /* SingleMockAlbumService.swift in Sources */,
				0021F0E1247F6C210058CBA7 /* MockAlbumsService.swift in Sources */,
				0021F0E2247F6C210058CBA7 /* MockAlbumViewModelFactory.swift in Sources */,
				0021F0C7247F6BF90058CBA7 /* AlbumTests+JSON.swift in Sources */,
				0021F09E247F5B030058CBA7 /* AlbumTestsJSONLoader+JSON.swift in Sources */,
				00772A91247B1DBA00A0F3CC /* ExtensionTests.swift in Sources */,
				0021F0C8247F6BF90058CBA7 /* AlbumTests.swift in Sources */,
			);
			runOnlyForDeploymentPostprocessing = 0;
		};
		00E3E5AD2474BAEE000578A4 /* Sources */ = {
			isa = PBXSourcesBuildPhase;
			buildActionMask = 2147483647;
			files = (
				00E3E5B62474BAEE000578A4 /* Nike_TestUITests.swift in Sources */,
			);
			runOnlyForDeploymentPostprocessing = 0;
		};
/* End PBXSourcesBuildPhase section */

/* Begin PBXTargetDependency section */
		00E3E5A82474BAEE000578A4 /* PBXTargetDependency */ = {
			isa = PBXTargetDependency;
			target = 00E3E58F2474BAED000578A4 /* Nike_Test */;
			targetProxy = 00E3E5A72474BAEE000578A4 /* PBXContainerItemProxy */;
		};
		00E3E5B32474BAEE000578A4 /* PBXTargetDependency */ = {
			isa = PBXTargetDependency;
			target = 00E3E58F2474BAED000578A4 /* Nike_Test */;
			targetProxy = 00E3E5B22474BAEE000578A4 /* PBXContainerItemProxy */;
		};
/* End PBXTargetDependency section */

/* Begin PBXVariantGroup section */
		00E3E59E2474BAEE000578A4 /* LaunchScreen.storyboard */ = {
			isa = PBXVariantGroup;
			children = (
				00E3E59F2474BAEE000578A4 /* Base */,
			);
			name = LaunchScreen.storyboard;
			sourceTree = "<group>";
		};
/* End PBXVariantGroup section */

/* Begin XCBuildConfiguration section */
		00E3E5B82474BAEE000578A4 /* Debug */ = {
			isa = XCBuildConfiguration;
			buildSettings = {
				ALWAYS_SEARCH_USER_PATHS = NO;
				CLANG_ANALYZER_NONNULL = YES;
				CLANG_ANALYZER_NUMBER_OBJECT_CONVERSION = YES_AGGRESSIVE;
				CLANG_CXX_LANGUAGE_STANDARD = "gnu++14";
				CLANG_CXX_LIBRARY = "libc++";
				CLANG_ENABLE_MODULES = YES;
				CLANG_ENABLE_OBJC_ARC = YES;
				CLANG_ENABLE_OBJC_WEAK = YES;
				CLANG_WARN_BLOCK_CAPTURE_AUTORELEASING = YES;
				CLANG_WARN_BOOL_CONVERSION = YES;
				CLANG_WARN_COMMA = YES;
				CLANG_WARN_CONSTANT_CONVERSION = YES;
				CLANG_WARN_DEPRECATED_OBJC_IMPLEMENTATIONS = YES;
				CLANG_WARN_DIRECT_OBJC_ISA_USAGE = YES_ERROR;
				CLANG_WARN_DOCUMENTATION_COMMENTS = YES;
				CLANG_WARN_EMPTY_BODY = YES;
				CLANG_WARN_ENUM_CONVERSION = YES;
				CLANG_WARN_INFINITE_RECURSION = YES;
				CLANG_WARN_INT_CONVERSION = YES;
				CLANG_WARN_NON_LITERAL_NULL_CONVERSION = YES;
				CLANG_WARN_OBJC_IMPLICIT_RETAIN_SELF = YES;
				CLANG_WARN_OBJC_LITERAL_CONVERSION = YES;
				CLANG_WARN_OBJC_ROOT_CLASS = YES_ERROR;
				CLANG_WARN_RANGE_LOOP_ANALYSIS = YES;
				CLANG_WARN_STRICT_PROTOTYPES = YES;
				CLANG_WARN_SUSPICIOUS_MOVE = YES;
				CLANG_WARN_UNGUARDED_AVAILABILITY = YES_AGGRESSIVE;
				CLANG_WARN_UNREACHABLE_CODE = YES;
				CLANG_WARN__DUPLICATE_METHOD_MATCH = YES;
				COPY_PHASE_STRIP = NO;
				DEBUG_INFORMATION_FORMAT = dwarf;
				ENABLE_STRICT_OBJC_MSGSEND = YES;
				ENABLE_TESTABILITY = YES;
				GCC_C_LANGUAGE_STANDARD = gnu11;
				GCC_DYNAMIC_NO_PIC = NO;
				GCC_NO_COMMON_BLOCKS = YES;
				GCC_OPTIMIZATION_LEVEL = 0;
				GCC_PREPROCESSOR_DEFINITIONS = (
					"DEBUG=1",
					"$(inherited)",
				);
				GCC_WARN_64_TO_32_BIT_CONVERSION = YES;
				GCC_WARN_ABOUT_RETURN_TYPE = YES_ERROR;
				GCC_WARN_UNDECLARED_SELECTOR = YES;
				GCC_WARN_UNINITIALIZED_AUTOS = YES_AGGRESSIVE;
				GCC_WARN_UNUSED_FUNCTION = YES;
				GCC_WARN_UNUSED_VARIABLE = YES;
				IPHONEOS_DEPLOYMENT_TARGET = 13.4;
				MTL_ENABLE_DEBUG_INFO = INCLUDE_SOURCE;
				MTL_FAST_MATH = YES;
				ONLY_ACTIVE_ARCH = YES;
				SDKROOT = iphoneos;
				SWIFT_ACTIVE_COMPILATION_CONDITIONS = DEBUG;
				SWIFT_OPTIMIZATION_LEVEL = "-Onone";
			};
			name = Debug;
		};
		00E3E5B92474BAEE000578A4 /* Release */ = {
			isa = XCBuildConfiguration;
			buildSettings = {
				ALWAYS_SEARCH_USER_PATHS = NO;
				CLANG_ANALYZER_NONNULL = YES;
				CLANG_ANALYZER_NUMBER_OBJECT_CONVERSION = YES_AGGRESSIVE;
				CLANG_CXX_LANGUAGE_STANDARD = "gnu++14";
				CLANG_CXX_LIBRARY = "libc++";
				CLANG_ENABLE_MODULES = YES;
				CLANG_ENABLE_OBJC_ARC = YES;
				CLANG_ENABLE_OBJC_WEAK = YES;
				CLANG_WARN_BLOCK_CAPTURE_AUTORELEASING = YES;
				CLANG_WARN_BOOL_CONVERSION = YES;
				CLANG_WARN_COMMA = YES;
				CLANG_WARN_CONSTANT_CONVERSION = YES;
				CLANG_WARN_DEPRECATED_OBJC_IMPLEMENTATIONS = YES;
				CLANG_WARN_DIRECT_OBJC_ISA_USAGE = YES_ERROR;
				CLANG_WARN_DOCUMENTATION_COMMENTS = YES;
				CLANG_WARN_EMPTY_BODY = YES;
				CLANG_WARN_ENUM_CONVERSION = YES;
				CLANG_WARN_INFINITE_RECURSION = YES;
				CLANG_WARN_INT_CONVERSION = YES;
				CLANG_WARN_NON_LITERAL_NULL_CONVERSION = YES;
				CLANG_WARN_OBJC_IMPLICIT_RETAIN_SELF = YES;
				CLANG_WARN_OBJC_LITERAL_CONVERSION = YES;
				CLANG_WARN_OBJC_ROOT_CLASS = YES_ERROR;
				CLANG_WARN_RANGE_LOOP_ANALYSIS = YES;
				CLANG_WARN_STRICT_PROTOTYPES = YES;
				CLANG_WARN_SUSPICIOUS_MOVE = YES;
				CLANG_WARN_UNGUARDED_AVAILABILITY = YES_AGGRESSIVE;
				CLANG_WARN_UNREACHABLE_CODE = YES;
				CLANG_WARN__DUPLICATE_METHOD_MATCH = YES;
				COPY_PHASE_STRIP = NO;
				DEBUG_INFORMATION_FORMAT = "dwarf-with-dsym";
				ENABLE_NS_ASSERTIONS = NO;
				ENABLE_STRICT_OBJC_MSGSEND = YES;
				GCC_C_LANGUAGE_STANDARD = gnu11;
				GCC_NO_COMMON_BLOCKS = YES;
				GCC_WARN_64_TO_32_BIT_CONVERSION = YES;
				GCC_WARN_ABOUT_RETURN_TYPE = YES_ERROR;
				GCC_WARN_UNDECLARED_SELECTOR = YES;
				GCC_WARN_UNINITIALIZED_AUTOS = YES_AGGRESSIVE;
				GCC_WARN_UNUSED_FUNCTION = YES;
				GCC_WARN_UNUSED_VARIABLE = YES;
				IPHONEOS_DEPLOYMENT_TARGET = 13.4;
				MTL_ENABLE_DEBUG_INFO = NO;
				MTL_FAST_MATH = YES;
				SDKROOT = iphoneos;
				SWIFT_COMPILATION_MODE = wholemodule;
				SWIFT_OPTIMIZATION_LEVEL = "-O";
				VALIDATE_PRODUCT = YES;
			};
			name = Release;
		};
		00E3E5BB2474BAEE000578A4 /* Debug */ = {
			isa = XCBuildConfiguration;
			buildSettings = {
				ASSETCATALOG_COMPILER_APPICON_NAME = AppIcon;
				CODE_SIGN_STYLE = Automatic;
				DEVELOPMENT_TEAM = EZMGGP484A;
				INFOPLIST_FILE = Nike_Test/Info.plist;
				IPHONEOS_DEPLOYMENT_TARGET = 13.0;
				LD_RUNPATH_SEARCH_PATHS = (
					"$(inherited)",
					"@executable_path/Frameworks",
				);
				PRODUCT_BUNDLE_IDENTIFIER = "com.robingonzales.Nike-Test";
				PRODUCT_NAME = "$(TARGET_NAME)";
				SWIFT_VERSION = 5.0;
				TARGETED_DEVICE_FAMILY = 1;
			};
			name = Debug;
		};
		00E3E5BC2474BAEE000578A4 /* Release */ = {
			isa = XCBuildConfiguration;
			buildSettings = {
				ASSETCATALOG_COMPILER_APPICON_NAME = AppIcon;
				CODE_SIGN_STYLE = Automatic;
				DEVELOPMENT_TEAM = EZMGGP484A;
				INFOPLIST_FILE = Nike_Test/Info.plist;
				IPHONEOS_DEPLOYMENT_TARGET = 13.0;
				LD_RUNPATH_SEARCH_PATHS = (
					"$(inherited)",
					"@executable_path/Frameworks",
				);
				PRODUCT_BUNDLE_IDENTIFIER = "com.robingonzales.Nike-Test";
				PRODUCT_NAME = "$(TARGET_NAME)";
				SWIFT_VERSION = 5.0;
				TARGETED_DEVICE_FAMILY = 1;
			};
			name = Release;
		};
		00E3E5BE2474BAEE000578A4 /* Debug */ = {
			isa = XCBuildConfiguration;
			buildSettings = {
				ALWAYS_EMBED_SWIFT_STANDARD_LIBRARIES = YES;
				BUNDLE_LOADER = "$(TEST_HOST)";
				CODE_SIGN_STYLE = Automatic;
				DEVELOPMENT_TEAM = EZMGGP484A;
				INFOPLIST_FILE = Nike_TestTests/Info.plist;
				IPHONEOS_DEPLOYMENT_TARGET = 13.4;
				LD_RUNPATH_SEARCH_PATHS = (
					"$(inherited)",
					"@executable_path/Frameworks",
					"@loader_path/Frameworks",
				);
				PRODUCT_BUNDLE_IDENTIFIER = "com.robingonzales.Nike-TestTests";
				PRODUCT_NAME = "$(TARGET_NAME)";
				SWIFT_VERSION = 5.0;
				TARGETED_DEVICE_FAMILY = "1,2";
				TEST_HOST = "$(BUILT_PRODUCTS_DIR)/Nike_Test.app/Nike_Test";
			};
			name = Debug;
		};
		00E3E5BF2474BAEE000578A4 /* Release */ = {
			isa = XCBuildConfiguration;
			buildSettings = {
				ALWAYS_EMBED_SWIFT_STANDARD_LIBRARIES = YES;
				BUNDLE_LOADER = "$(TEST_HOST)";
				CODE_SIGN_STYLE = Automatic;
				DEVELOPMENT_TEAM = EZMGGP484A;
				INFOPLIST_FILE = Nike_TestTests/Info.plist;
				IPHONEOS_DEPLOYMENT_TARGET = 13.4;
				LD_RUNPATH_SEARCH_PATHS = (
					"$(inherited)",
					"@executable_path/Frameworks",
					"@loader_path/Frameworks",
				);
				PRODUCT_BUNDLE_IDENTIFIER = "com.robingonzales.Nike-TestTests";
				PRODUCT_NAME = "$(TARGET_NAME)";
				SWIFT_VERSION = 5.0;
				TARGETED_DEVICE_FAMILY = "1,2";
				TEST_HOST = "$(BUILT_PRODUCTS_DIR)/Nike_Test.app/Nike_Test";
			};
			name = Release;
		};
		00E3E5C12474BAEE000578A4 /* Debug */ = {
			isa = XCBuildConfiguration;
			buildSettings = {
				ALWAYS_EMBED_SWIFT_STANDARD_LIBRARIES = YES;
				CODE_SIGN_STYLE = Automatic;
				DEVELOPMENT_TEAM = EZMGGP484A;
				INFOPLIST_FILE = Nike_TestUITests/Info.plist;
				LD_RUNPATH_SEARCH_PATHS = (
					"$(inherited)",
					"@executable_path/Frameworks",
					"@loader_path/Frameworks",
				);
				PRODUCT_BUNDLE_IDENTIFIER = "com.robingonzales.Nike-TestUITests";
				PRODUCT_NAME = "$(TARGET_NAME)";
				SWIFT_VERSION = 5.0;
				TARGETED_DEVICE_FAMILY = "1,2";
				TEST_TARGET_NAME = Nike_Test;
			};
			name = Debug;
		};
		00E3E5C22474BAEE000578A4 /* Release */ = {
			isa = XCBuildConfiguration;
			buildSettings = {
				ALWAYS_EMBED_SWIFT_STANDARD_LIBRARIES = YES;
				CODE_SIGN_STYLE = Automatic;
				DEVELOPMENT_TEAM = EZMGGP484A;
				INFOPLIST_FILE = Nike_TestUITests/Info.plist;
				LD_RUNPATH_SEARCH_PATHS = (
					"$(inherited)",
					"@executable_path/Frameworks",
					"@loader_path/Frameworks",
				);
				PRODUCT_BUNDLE_IDENTIFIER = "com.robingonzales.Nike-TestUITests";
				PRODUCT_NAME = "$(TARGET_NAME)";
				SWIFT_VERSION = 5.0;
				TARGETED_DEVICE_FAMILY = "1,2";
				TEST_TARGET_NAME = Nike_Test;
			};
			name = Release;
		};
/* End XCBuildConfiguration section */

/* Begin XCConfigurationList section */
		00E3E58B2474BAED000578A4 /* Build configuration list for PBXProject "Nike_Test" */ = {
			isa = XCConfigurationList;
			buildConfigurations = (
				00E3E5B82474BAEE000578A4 /* Debug */,
				00E3E5B92474BAEE000578A4 /* Release */,
			);
			defaultConfigurationIsVisible = 0;
			defaultConfigurationName = Release;
		};
		00E3E5BA2474BAEE000578A4 /* Build configuration list for PBXNativeTarget "Nike_Test" */ = {
			isa = XCConfigurationList;
			buildConfigurations = (
				00E3E5BB2474BAEE000578A4 /* Debug */,
				00E3E5BC2474BAEE000578A4 /* Release */,
			);
			defaultConfigurationIsVisible = 0;
			defaultConfigurationName = Release;
		};
		00E3E5BD2474BAEE000578A4 /* Build configuration list for PBXNativeTarget "Nike_TestTests" */ = {
			isa = XCConfigurationList;
			buildConfigurations = (
				00E3E5BE2474BAEE000578A4 /* Debug */,
				00E3E5BF2474BAEE000578A4 /* Release */,
			);
			defaultConfigurationIsVisible = 0;
			defaultConfigurationName = Release;
		};
		00E3E5C02474BAEE000578A4 /* Build configuration list for PBXNativeTarget "Nike_TestUITests" */ = {
			isa = XCConfigurationList;
			buildConfigurations = (
				00E3E5C12474BAEE000578A4 /* Debug */,
				00E3E5C22474BAEE000578A4 /* Release */,
			);
			defaultConfigurationIsVisible = 0;
			defaultConfigurationName = Release;
		};
/* End XCConfigurationList section */
	};
	rootObject = 00E3E5882474BAED000578A4 /* Project object */;
}
