// !$*UTF8*$!
{
	archiveVersion = 1;
	classes = {
	};
	objectVersion = 50;
	objects = {

/* Begin PBXBuildFile section */
		00E3E5942474BAED000578A4 /* AppDelegate.swift in Sources */ = {isa = PBXBuildFile; fileRef = 00E3E5932474BAED000578A4 /* AppDelegate.swift */; };
		00E3E5962474BAED000578A4 /* SceneDelegate.swift in Sources */ = {isa = PBXBuildFile; fileRef = 00E3E5952474BAED000578A4 /* SceneDelegate.swift */; };
		00E3E59D2474BAEE000578A4 /* Assets.xcassets in Resources */ = {isa = PBXBuildFile; fileRef = 00E3E59C2474BAEE000578A4 /* Assets.xcassets */; };
		00E3E5A02474BAEE000578A4 /* LaunchScreen.storyboard in Resources */ = {isa = PBXBuildFile; fileRef = 00E3E59E2474BAEE000578A4 /* LaunchScreen.storyboard */; };
		00E3E5AB2474BAEE000578A4 /* Nike_TestTests.swift in Sources */ = {isa = PBXBuildFile; fileRef = 00E3E5AA2474BAEE000578A4 /* Nike_TestTests.swift */; };
		00E3E5B62474BAEE000578A4 /* Nike_TestUITests.swift in Sources */ = {isa = PBXBuildFile; fileRef = 00E3E5B52474BAEE000578A4 /* Nike_TestUITests.swift */; };
		00E3E5C42474BE47000578A4 /* AlbumListViewController.swift in Sources */ = {isa = PBXBuildFile; fileRef = 00E3E5C32474BE47000578A4 /* AlbumListViewController.swift */; };
		00E3E5C62474D2B1000578A4 /* README.md in Resources */ = {isa = PBXBuildFile; fileRef = 00E3E5C52474D2B1000578A4 /* README.md */; };
/* End PBXBuildFile section */

/* Begin PBXContainerItemProxy section */
		00E3E5A72474BAEE000578A4 /* PBXContainerItemProxy */ = {
			isa = PBXContainerItemProxy;
			containerPortal = 00E3E5882474BAED000578A4 /* Project object */;
			proxyType = 1;
			remoteGlobalIDString = 00E3E58F2474BAED000578A4;
			remoteInfo = Nike_Test;
		};
		00E3E5B22474BAEE000578A4 /* PBXContainerItemProxy */ = {
			isa = PBXContainerItemProxy;
			containerPortal = 00E3E5882474BAED000578A4 /* Project object */;
			proxyType = 1;
			remoteGlobalIDString = 00E3E58F2474BAED000578A4;
			remoteInfo = Nike_Test;
		};
/* End PBXContainerItemProxy section */

/* Begin PBXFileReference section */
		00E3E5902474BAED000578A4 /* Nike_Test.app */ = {isa = PBXFileReference; explicitFileType = wrapper.application; includeInIndex = 0; path = Nike_Test.app; sourceTree = BUILT_PRODUCTS_DIR; };
		00E3E5932474BAED000578A4 /* AppDelegate.swift */ = {isa = PBXFileReference; lastKnownFileType = sourcecode.swift; path = AppDelegate.swift; sourceTree = "<group>"; };
		00E3E5952474BAED000578A4 /* SceneDelegate.swift */ = {isa = PBXFileReference; lastKnownFileType = sourcecode.swift; path = SceneDelegate.swift; sourceTree = "<group>"; };
		00E3E59C2474BAEE000578A4 /* Assets.xcassets */ = {isa = PBXFileReference; lastKnownFileType = folder.assetcatalog; path = Assets.xcassets; sourceTree = "<group>"; };
		00E3E59F2474BAEE000578A4 /* Base */ = {isa = PBXFileReference; lastKnownFileType = file.storyboard; name = Base; path = Base.lproj/LaunchScreen.storyboard; sourceTree = "<group>"; };
		00E3E5A12474BAEE000578A4 /* Info.plist */ = {isa = PBXFileReference; lastKnownFileType = text.plist.xml; path = Info.plist; sourceTree = "<group>"; };
		00E3E5A62474BAEE000578A4 /* Nike_TestTests.xctest */ = {isa = PBXFileReference; explicitFileType = wrapper.cfbundle; includeInIndex = 0; path = Nike_TestTests.xctest; sourceTree = BUILT_PRODUCTS_DIR; };
		00E3E5AA2474BAEE000578A4 /* Nike_TestTests.swift */ = {isa = PBXFileReference; lastKnownFileType = sourcecode.swift; path = Nike_TestTests.swift; sourceTree = "<group>"; };
		00E3E5AC2474BAEE000578A4 /* Info.plist */ = {isa = PBXFileReference; lastKnownFileType = text.plist.xml; path = Info.plist; sourceTree = "<group>"; };
		00E3E5B12474BAEE000578A4 /* Nike_TestUITests.xctest */ = {isa = PBXFileReference; explicitFileType = wrapper.cfbundle; includeInIndex = 0; path = Nike_TestUITests.xctest; sourceTree = BUILT_PRODUCTS_DIR; };
		00E3E5B52474BAEE000578A4 /* Nike_TestUITests.swift */ = {isa = PBXFileReference; lastKnownFileType = sourcecode.swift; path = Nike_TestUITests.swift; sourceTree = "<group>"; };
		00E3E5B72474BAEE000578A4 /* Info.plist */ = {isa = PBXFileReference; lastKnownFileType = text.plist.xml; path = Info.plist; sourceTree = "<group>"; };
		00E3E5C32474BE47000578A4 /* AlbumListViewController.swift */ = {isa = PBXFileReference; lastKnownFileType = sourcecode.swift; path = AlbumListViewController.swift; sourceTree = "<group>"; };
		00E3E5C52474D2B1000578A4 /* README.md */ = {isa = PBXFileReference; fileEncoding = 4; lastKnownFileType = net.daringfireball.markdown; path = README.md; sourceTree = SOURCE_ROOT; };
/* End PBXFileReference section */

/* Begin PBXFrameworksBuildPhase section */
		00E3E58D2474BAED000578A4 /* Frameworks */ = {
			isa = PBXFrameworksBuildPhase;
			buildActionMask = 2147483647;
			files = (
			);
			runOnlyForDeploymentPostprocessing = 0;
		};
		00E3E5A32474BAEE000578A4 /* Frameworks */ = {
			isa = PBXFrameworksBuildPhase;
			buildActionMask = 2147483647;
			files = (
			);
			runOnlyForDeploymentPostprocessing = 0;
		};
		00E3E5AE2474BAEE000578A4 /* Frameworks */ = {
			isa = PBXFrameworksBuildPhase;
			buildActionMask = 2147483647;
			files = (
			);
			runOnlyForDeploymentPostprocessing = 0;
		};
/* End PBXFrameworksBuildPhase section */

/* Begin PBXGroup section */
		00E3E5872474BAED000578A4 = {
			isa = PBXGroup;
			children = (
				00E3E5922474BAED000578A4 /* Nike_Test */,
				00E3E5A92474BAEE000578A4 /* Nike_TestTests */,
				00E3E5B42474BAEE000578A4 /* Nike_TestUITests */,
				00E3E5912474BAED000578A4 /* Products */,
			);
			sourceTree = "<group>";
		};
		00E3E5912474BAED000578A4 /* Products */ = {
			isa = PBXGroup;
			children = (
				00E3E5902474BAED000578A4 /* Nike_Test.app */,
				00E3E5A62474BAEE000578A4 /* Nike_TestTests.xctest */,
				00E3E5B12474BAEE000578A4 /* Nike_TestUITests.xctest */,
			);
			name = Products;
			sourceTree = "<group>";
		};
		00E3E5922474BAED000578A4 /* Nike_Test */ = {
			isa = PBXGroup;
			children = (
				00E3E5CA2474DFA7000578A4 /* Resources */,
				00E3E5C92474DF87000578A4 /* View */,
				00E3E5C82474DF7C000578A4 /* ViewModel */,
				00E3E5C72474DF74000578A4 /* Model */,
				00E3E5C52474D2B1000578A4 /* README.md */,
				00E3E5A12474BAEE000578A4 /* Info.plist */,
			);
			path = Nike_Test;
			sourceTree = "<group>";
		};
		00E3E5A92474BAEE000578A4 /* Nike_TestTests */ = {
			isa = PBXGroup;
			children = (
				00E3E5AA2474BAEE000578A4 /* Nike_TestTests.swift */,
				00E3E5AC2474BAEE000578A4 /* Info.plist */,
			);
			path = Nike_TestTests;
			sourceTree = "<group>";
		};
		00E3E5B42474BAEE000578A4 /* Nike_TestUITests */ = {
			isa = PBXGroup;
			children = (
				00E3E5B52474BAEE000578A4 /* Nike_TestUITests.swift */,
				00E3E5B72474BAEE000578A4 /* Info.plist */,
			);
			path = Nike_TestUITests;
			sourceTree = "<group>";
		};
		00E3E5C72474DF74000578A4 /* Model */ = {
			isa = PBXGroup;
			children = (
			);
			path = Model;
			sourceTree = "<group>";
		};
		00E3E5C82474DF7C000578A4 /* ViewModel */ = {
			isa = PBXGroup;
			children = (
			);
			path = ViewModel;
			sourceTree = "<group>";
		};
		00E3E5C92474DF87000578A4 /* View */ = {
			isa = PBXGroup;
			children = (
				00E3E5952474BAED000578A4 /* SceneDelegate.swift */,
				00E3E59E2474BAEE000578A4 /* LaunchScreen.storyboard */,
				00E3E5932474BAED000578A4 /* AppDelegate.swift */,
				00E3E5C32474BE47000578A4 /* AlbumListViewController.swift */,
			);
			path = View;
			sourceTree = "<group>";
		};
		00E3E5CA2474DFA7000578A4 /* Resources */ = {
			isa = PBXGroup;
			children = (
				00E3E59C2474BAEE000578A4 /* Assets.xcassets */,
			);
			path = Resources;
			sourceTree = "<group>";
		};
/* End PBXGroup section */

/* Begin PBXNativeTarget section */
		00E3E58F2474BAED000578A4 /* Nike_Test */ = {
			isa = PBXNativeTarget;
			buildConfigurationList = 00E3E5BA2474BAEE000578A4 /* Build configuration list for PBXNativeTarget "Nike_Test" */;
			buildPhases = (
				00E3E58C2474BAED000578A4 /* Sources */,
				00E3E58D2474BAED000578A4 /* Frameworks */,
				00E3E58E2474BAED000578A4 /* Resources */,
			);
			buildRules = (
			);
			dependencies = (
			);
			name = Nike_Test;
			productName = Nike_Test;
			productReference = 00E3E5902474BAED000578A4 /* Nike_Test.app */;
			productType = "com.apple.product-type.application";
		};
		00E3E5A52474BAEE000578A4 /* Nike_TestTests */ = {
			isa = PBXNativeTarget;
			buildConfigurationList = 00E3E5BD2474BAEE000578A4 /* Build configuration list for PBXNativeTarget "Nike_TestTests" */;
			buildPhases = (
				00E3E5A22474BAEE000578A4 /* Sources */,
				00E3E5A32474BAEE000578A4 /* Frameworks */,
				00E3E5A42474BAEE000578A4 /* Resources */,
			);
			buildRules = (
			);
			dependencies = (
				00E3E5A82474BAEE000578A4 /* PBXTargetDependency */,
			);
			name = Nike_TestTests;
			productName = Nike_TestTests;
			productReference = 00E3E5A62474BAEE000578A4 /* Nike_TestTests.xctest */;
			productType = "com.apple.product-type.bundle.unit-test";
		};
		00E3E5B02474BAEE000578A4 /* Nike_TestUITests */ = {
			isa = PBXNativeTarget;
			buildConfigurationList = 00E3E5C02474BAEE000578A4 /* Build configuration list for PBXNativeTarget "Nike_TestUITests" */;
			buildPhases = (
				00E3E5AD2474BAEE000578A4 /* Sources */,
				00E3E5AE2474BAEE000578A4 /* Frameworks */,
				00E3E5AF2474BAEE000578A4 /* Resources */,
			);
			buildRules = (
			);
			dependencies = (
				00E3E5B32474BAEE000578A4 /* PBXTargetDependency */,
			);
			name = Nike_TestUITests;
			productName = Nike_TestUITests;
			productReference = 00E3E5B12474BAEE000578A4 /* Nike_TestUITests.xctest */;
			productType = "com.apple.product-type.bundle.ui-testing";
		};
/* End PBXNativeTarget section */

/* Begin PBXProject section */
		00E3E5882474BAED000578A4 /* Project object */ = {
			isa = PBXProject;
			attributes = {
				LastSwiftUpdateCheck = 1140;
				LastUpgradeCheck = 1140;
				ORGANIZATIONNAME = "Robin G";
				TargetAttributes = {
					00E3E58F2474BAED000578A4 = {
						CreatedOnToolsVersion = 11.4.1;
					};
					00E3E5A52474BAEE000578A4 = {
						CreatedOnToolsVersion = 11.4.1;
						TestTargetID = 00E3E58F2474BAED000578A4;
					};
					00E3E5B02474BAEE000578A4 = {
						CreatedOnToolsVersion = 11.4.1;
						TestTargetID = 00E3E58F2474BAED000578A4;
					};
				};
			};
			buildConfigurationList = 00E3E58B2474BAED000578A4 /* Build configuration list for PBXProject "Nike_Test" */;
			compatibilityVersion = "Xcode 9.3";
			developmentRegion = en;
			hasScannedForEncodings = 0;
			knownRegions = (
				en,
				Base,
			);
			mainGroup = 00E3E5872474BAED000578A4;
			productRefGroup = 00E3E5912474BAED000578A4 /* Products */;
			projectDirPath = "";
			projectRoot = "";
			targets = (
				00E3E58F2474BAED000578A4 /* Nike_Test */,
				00E3E5A52474BAEE000578A4 /* Nike_TestTests */,
				00E3E5B02474BAEE000578A4 /* Nike_TestUITests */,
			);
		};
/* End PBXProject section */

/* Begin PBXResourcesBuildPhase section */
		00E3E58E2474BAED000578A4 /* Resources */ = {
			isa = PBXResourcesBuildPhase;
			buildActionMask = 2147483647;
			files = (
				00E3E5C62474D2B1000578A4 /* README.md in Resources */,
				00E3E5A02474BAEE000578A4 /* LaunchScreen.storyboard in Resources */,
				00E3E59D2474BAEE000578A4 /* Assets.xcassets in Resources */,
			);
			runOnlyForDeploymentPostprocessing = 0;
		};
		00E3E5A42474BAEE000578A4 /* Resources */ = {
			isa = PBXResourcesBuildPhase;
			buildActionMask = 2147483647;
			files = (
			);
			runOnlyForDeploymentPostprocessing = 0;
		};
		00E3E5AF2474BAEE000578A4 /* Resources */ = {
			isa = PBXResourcesBuildPhase;
			buildActionMask = 2147483647;
			files = (
			);
			runOnlyForDeploymentPostprocessing = 0;
		};
/* End PBXResourcesBuildPhase section */

/* Begin PBXSourcesBuildPhase section */
		00E3E58C2474BAED000578A4 /* Sources */ = {
			isa = PBXSourcesBuildPhase;
			buildActionMask = 2147483647;
			files = (
				00E3E5942474BAED000578A4 /* AppDelegate.swift in Sources */,
				00E3E5C42474BE47000578A4 /* AlbumListViewController.swift in Sources */,
				00E3E5962474BAED000578A4 /* SceneDelegate.swift in Sources */,
			);
			runOnlyForDeploymentPostprocessing = 0;
		};
		00E3E5A22474BAEE000578A4 /* Sources */ = {
			isa = PBXSourcesBuildPhase;
			buildActionMask = 2147483647;
			files = (
				00E3E5AB2474BAEE000578A4 /* Nike_TestTests.swift in Sources */,
			);
			runOnlyForDeploymentPostprocessing = 0;
		};
		00E3E5AD2474BAEE000578A4 /* Sources */ = {
			isa = PBXSourcesBuildPhase;
			buildActionMask = 2147483647;
			files = (
				00E3E5B62474BAEE000578A4 /* Nike_TestUITests.swift in Sources */,
			);
			runOnlyForDeploymentPostprocessing = 0;
		};
/* End PBXSourcesBuildPhase section */

/* Begin PBXTargetDependency section */
		00E3E5A82474BAEE000578A4 /* PBXTargetDependency */ = {
			isa = PBXTargetDependency;
			target = 00E3E58F2474BAED000578A4 /* Nike_Test */;
			targetProxy = 00E3E5A72474BAEE000578A4 /* PBXContainerItemProxy */;
		};
		00E3E5B32474BAEE000578A4 /* PBXTargetDependency */ = {
			isa = PBXTargetDependency;
			target = 00E3E58F2474BAED000578A4 /* Nike_Test */;
			targetProxy = 00E3E5B22474BAEE000578A4 /* PBXContainerItemProxy */;
		};
/* End PBXTargetDependency section */

/* Begin PBXVariantGroup section */
		00E3E59E2474BAEE000578A4 /* LaunchScreen.storyboard */ = {
			isa = PBXVariantGroup;
			children = (
				00E3E59F2474BAEE000578A4 /* Base */,
			);
			name = LaunchScreen.storyboard;
			sourceTree = "<group>";
		};
/* End PBXVariantGroup section */

/* Begin XCBuildConfiguration section */
		00E3E5B82474BAEE000578A4 /* Debug */ = {
			isa = XCBuildConfiguration;
			buildSettings = {
				ALWAYS_SEARCH_USER_PATHS = NO;
				CLANG_ANALYZER_NONNULL = YES;
				CLANG_ANALYZER_NUMBER_OBJECT_CONVERSION = YES_AGGRESSIVE;
				CLANG_CXX_LANGUAGE_STANDARD = "gnu++14";
				CLANG_CXX_LIBRARY = "libc++";
				CLANG_ENABLE_MODULES = YES;
				CLANG_ENABLE_OBJC_ARC = YES;
				CLANG_ENABLE_OBJC_WEAK = YES;
				CLANG_WARN_BLOCK_CAPTURE_AUTORELEASING = YES;
				CLANG_WARN_BOOL_CONVERSION = YES;
				CLANG_WARN_COMMA = YES;
				CLANG_WARN_CONSTANT_CONVERSION = YES;
				CLANG_WARN_DEPRECATED_OBJC_IMPLEMENTATIONS = YES;
				CLANG_WARN_DIRECT_OBJC_ISA_USAGE = YES_ERROR;
				CLANG_WARN_DOCUMENTATION_COMMENTS = YES;
				CLANG_WARN_EMPTY_BODY = YES;
				CLANG_WARN_ENUM_CONVERSION = YES;
				CLANG_WARN_INFINITE_RECURSION = YES;
				CLANG_WARN_INT_CONVERSION = YES;
				CLANG_WARN_NON_LITERAL_NULL_CONVERSION = YES;
				CLANG_WARN_OBJC_IMPLICIT_RETAIN_SELF = YES;
				CLANG_WARN_OBJC_LITERAL_CONVERSION = YES;
				CLANG_WARN_OBJC_ROOT_CLASS = YES_ERROR;
				CLANG_WARN_RANGE_LOOP_ANALYSIS = YES;
				CLANG_WARN_STRICT_PROTOTYPES = YES;
				CLANG_WARN_SUSPICIOUS_MOVE = YES;
				CLANG_WARN_UNGUARDED_AVAILABILITY = YES_AGGRESSIVE;
				CLANG_WARN_UNREACHABLE_CODE = YES;
				CLANG_WARN__DUPLICATE_METHOD_MATCH = YES;
				COPY_PHASE_STRIP = NO;
				DEBUG_INFORMATION_FORMAT = dwarf;
				ENABLE_STRICT_OBJC_MSGSEND = YES;
				ENABLE_TESTABILITY = YES;
				GCC_C_LANGUAGE_STANDARD = gnu11;
				GCC_DYNAMIC_NO_PIC = NO;
				GCC_NO_COMMON_BLOCKS = YES;
				GCC_OPTIMIZATION_LEVEL = 0;
				GCC_PREPROCESSOR_DEFINITIONS = (
					"DEBUG=1",
					"$(inherited)",
				);
				GCC_WARN_64_TO_32_BIT_CONVERSION = YES;
				GCC_WARN_ABOUT_RETURN_TYPE = YES_ERROR;
				GCC_WARN_UNDECLARED_SELECTOR = YES;
				GCC_WARN_UNINITIALIZED_AUTOS = YES_AGGRESSIVE;
				GCC_WARN_UNUSED_FUNCTION = YES;
				GCC_WARN_UNUSED_VARIABLE = YES;
				IPHONEOS_DEPLOYMENT_TARGET = 13.4;
				MTL_ENABLE_DEBUG_INFO = INCLUDE_SOURCE;
				MTL_FAST_MATH = YES;
				ONLY_ACTIVE_ARCH = YES;
				SDKROOT = iphoneos;
				SWIFT_ACTIVE_COMPILATION_CONDITIONS = DEBUG;
				SWIFT_OPTIMIZATION_LEVEL = "-Onone";
			};
			name = Debug;
		};
		00E3E5B92474BAEE000578A4 /* Release */ = {
			isa = XCBuildConfiguration;
			buildSettings = {
				ALWAYS_SEARCH_USER_PATHS = NO;
				CLANG_ANALYZER_NONNULL = YES;
				CLANG_ANALYZER_NUMBER_OBJECT_CONVERSION = YES_AGGRESSIVE;
				CLANG_CXX_LANGUAGE_STANDARD = "gnu++14";
				CLANG_CXX_LIBRARY = "libc++";
				CLANG_ENABLE_MODULES = YES;
				CLANG_ENABLE_OBJC_ARC = YES;
				CLANG_ENABLE_OBJC_WEAK = YES;
				CLANG_WARN_BLOCK_CAPTURE_AUTORELEASING = YES;
				CLANG_WARN_BOOL_CONVERSION = YES;
				CLANG_WARN_COMMA = YES;
				CLANG_WARN_CONSTANT_CONVERSION = YES;
				CLANG_WARN_DEPRECATED_OBJC_IMPLEMENTATIONS = YES;
				CLANG_WARN_DIRECT_OBJC_ISA_USAGE = YES_ERROR;
				CLANG_WARN_DOCUMENTATION_COMMENTS = YES;
				CLANG_WARN_EMPTY_BODY = YES;
				CLANG_WARN_ENUM_CONVERSION = YES;
				CLANG_WARN_INFINITE_RECURSION = YES;
				CLANG_WARN_INT_CONVERSION = YES;
				CLANG_WARN_NON_LITERAL_NULL_CONVERSION = YES;
				CLANG_WARN_OBJC_IMPLICIT_RETAIN_SELF = YES;
				CLANG_WARN_OBJC_LITERAL_CONVERSION = YES;
				CLANG_WARN_OBJC_ROOT_CLASS = YES_ERROR;
				CLANG_WARN_RANGE_LOOP_ANALYSIS = YES;
				CLANG_WARN_STRICT_PROTOTYPES = YES;
				CLANG_WARN_SUSPICIOUS_MOVE = YES;
				CLANG_WARN_UNGUARDED_AVAILABILITY = YES_AGGRESSIVE;
				CLANG_WARN_UNREACHABLE_CODE = YES;
				CLANG_WARN__DUPLICATE_METHOD_MATCH = YES;
				COPY_PHASE_STRIP = NO;
				DEBUG_INFORMATION_FORMAT = "dwarf-with-dsym";
				ENABLE_NS_ASSERTIONS = NO;
				ENABLE_STRICT_OBJC_MSGSEND = YES;
				GCC_C_LANGUAGE_STANDARD = gnu11;
				GCC_NO_COMMON_BLOCKS = YES;
				GCC_WARN_64_TO_32_BIT_CONVERSION = YES;
				GCC_WARN_ABOUT_RETURN_TYPE = YES_ERROR;
				GCC_WARN_UNDECLARED_SELECTOR = YES;
				GCC_WARN_UNINITIALIZED_AUTOS = YES_AGGRESSIVE;
				GCC_WARN_UNUSED_FUNCTION = YES;
				GCC_WARN_UNUSED_VARIABLE = YES;
				IPHONEOS_DEPLOYMENT_TARGET = 13.4;
				MTL_ENABLE_DEBUG_INFO = NO;
				MTL_FAST_MATH = YES;
				SDKROOT = iphoneos;
				SWIFT_COMPILATION_MODE = wholemodule;
				SWIFT_OPTIMIZATION_LEVEL = "-O";
				VALIDATE_PRODUCT = YES;
			};
			name = Release;
		};
		00E3E5BB2474BAEE000578A4 /* Debug */ = {
			isa = XCBuildConfiguration;
			buildSettings = {
				ASSETCATALOG_COMPILER_APPICON_NAME = AppIcon;
				CODE_SIGN_STYLE = Automatic;
				DEVELOPMENT_TEAM = EZMGGP484A;
				INFOPLIST_FILE = Nike_Test/Info.plist;
				LD_RUNPATH_SEARCH_PATHS = (
					"$(inherited)",
					"@executable_path/Frameworks",
				);
				PRODUCT_BUNDLE_IDENTIFIER = "com.robingonzales.Nike-Test";
				PRODUCT_NAME = "$(TARGET_NAME)";
				SWIFT_VERSION = 5.0;
				TARGETED_DEVICE_FAMILY = "1,2";
			};
			name = Debug;
		};
		00E3E5BC2474BAEE000578A4 /* Release */ = {
			isa = XCBuildConfiguration;
			buildSettings = {
				ASSETCATALOG_COMPILER_APPICON_NAME = AppIcon;
				CODE_SIGN_STYLE = Automatic;
				DEVELOPMENT_TEAM = EZMGGP484A;
				INFOPLIST_FILE = Nike_Test/Info.plist;
				LD_RUNPATH_SEARCH_PATHS = (
					"$(inherited)",
					"@executable_path/Frameworks",
				);
				PRODUCT_BUNDLE_IDENTIFIER = "com.robingonzales.Nike-Test";
				PRODUCT_NAME = "$(TARGET_NAME)";
				SWIFT_VERSION = 5.0;
				TARGETED_DEVICE_FAMILY = "1,2";
			};
			name = Release;
		};
		00E3E5BE2474BAEE000578A4 /* Debug */ = {
			isa = XCBuildConfiguration;
			buildSettings = {
				ALWAYS_EMBED_SWIFT_STANDARD_LIBRARIES = YES;
				BUNDLE_LOADER = "$(TEST_HOST)";
				CODE_SIGN_STYLE = Automatic;
				DEVELOPMENT_TEAM = EZMGGP484A;
				INFOPLIST_FILE = Nike_TestTests/Info.plist;
				IPHONEOS_DEPLOYMENT_TARGET = 13.4;
				LD_RUNPATH_SEARCH_PATHS = (
					"$(inherited)",
					"@executable_path/Frameworks",
					"@loader_path/Frameworks",
				);
				PRODUCT_BUNDLE_IDENTIFIER = "com.robingonzales.Nike-TestTests";
				PRODUCT_NAME = "$(TARGET_NAME)";
				SWIFT_VERSION = 5.0;
				TARGETED_DEVICE_FAMILY = "1,2";
				TEST_HOST = "$(BUILT_PRODUCTS_DIR)/Nike_Test.app/Nike_Test";
			};
			name = Debug;
		};
		00E3E5BF2474BAEE000578A4 /* Release */ = {
			isa = XCBuildConfiguration;
			buildSettings = {
				ALWAYS_EMBED_SWIFT_STANDARD_LIBRARIES = YES;
				BUNDLE_LOADER = "$(TEST_HOST)";
				CODE_SIGN_STYLE = Automatic;
				DEVELOPMENT_TEAM = EZMGGP484A;
				INFOPLIST_FILE = Nike_TestTests/Info.plist;
				IPHONEOS_DEPLOYMENT_TARGET = 13.4;
				LD_RUNPATH_SEARCH_PATHS = (
					"$(inherited)",
					"@executable_path/Frameworks",
					"@loader_path/Frameworks",
				);
				PRODUCT_BUNDLE_IDENTIFIER = "com.robingonzales.Nike-TestTests";
				PRODUCT_NAME = "$(TARGET_NAME)";
				SWIFT_VERSION = 5.0;
				TARGETED_DEVICE_FAMILY = "1,2";
				TEST_HOST = "$(BUILT_PRODUCTS_DIR)/Nike_Test.app/Nike_Test";
			};
			name = Release;
		};
		00E3E5C12474BAEE000578A4 /* Debug */ = {
			isa = XCBuildConfiguration;
			buildSettings = {
				ALWAYS_EMBED_SWIFT_STANDARD_LIBRARIES = YES;
				CODE_SIGN_STYLE = Automatic;
				DEVELOPMENT_TEAM = EZMGGP484A;
				INFOPLIST_FILE = Nike_TestUITests/Info.plist;
				LD_RUNPATH_SEARCH_PATHS = (
					"$(inherited)",
					"@executable_path/Frameworks",
					"@loader_path/Frameworks",
				);
				PRODUCT_BUNDLE_IDENTIFIER = "com.robingonzales.Nike-TestUITests";
				PRODUCT_NAME = "$(TARGET_NAME)";
				SWIFT_VERSION = 5.0;
				TARGETED_DEVICE_FAMILY = "1,2";
				TEST_TARGET_NAME = Nike_Test;
			};
			name = Debug;
		};
		00E3E5C22474BAEE000578A4 /* Release */ = {
			isa = XCBuildConfiguration;
			buildSettings = {
				ALWAYS_EMBED_SWIFT_STANDARD_LIBRARIES = YES;
				CODE_SIGN_STYLE = Automatic;
				DEVELOPMENT_TEAM = EZMGGP484A;
				INFOPLIST_FILE = Nike_TestUITests/Info.plist;
				LD_RUNPATH_SEARCH_PATHS = (
					"$(inherited)",
					"@executable_path/Frameworks",
					"@loader_path/Frameworks",
				);
				PRODUCT_BUNDLE_IDENTIFIER = "com.robingonzales.Nike-TestUITests";
				PRODUCT_NAME = "$(TARGET_NAME)";
				SWIFT_VERSION = 5.0;
				TARGETED_DEVICE_FAMILY = "1,2";
				TEST_TARGET_NAME = Nike_Test;
			};
			name = Release;
		};
/* End XCBuildConfiguration section */

/* Begin XCConfigurationList section */
		00E3E58B2474BAED000578A4 /* Build configuration list for PBXProject "Nike_Test" */ = {
			isa = XCConfigurationList;
			buildConfigurations = (
				00E3E5B82474BAEE000578A4 /* Debug */,
				00E3E5B92474BAEE000578A4 /* Release */,
			);
			defaultConfigurationIsVisible = 0;
			defaultConfigurationName = Release;
		};
		00E3E5BA2474BAEE000578A4 /* Build configuration list for PBXNativeTarget "Nike_Test" */ = {
			isa = XCConfigurationList;
			buildConfigurations = (
				00E3E5BB2474BAEE000578A4 /* Debug */,
				00E3E5BC2474BAEE000578A4 /* Release */,
			);
			defaultConfigurationIsVisible = 0;
			defaultConfigurationName = Release;
		};
		00E3E5BD2474BAEE000578A4 /* Build configuration list for PBXNativeTarget "Nike_TestTests" */ = {
			isa = XCConfigurationList;
			buildConfigurations = (
				00E3E5BE2474BAEE000578A4 /* Debug */,
				00E3E5BF2474BAEE000578A4 /* Release */,
			);
			defaultConfigurationIsVisible = 0;
			defaultConfigurationName = Release;
		};
		00E3E5C02474BAEE000578A4 /* Build configuration list for PBXNativeTarget "Nike_TestUITests" */ = {
			isa = XCConfigurationList;
			buildConfigurations = (
				00E3E5C12474BAEE000578A4 /* Debug */,
				00E3E5C22474BAEE000578A4 /* Release */,
			);
			defaultConfigurationIsVisible = 0;
			defaultConfigurationName = Release;
		};
/* End XCConfigurationList section */
	};
	rootObject = 00E3E5882474BAED000578A4 /* Project object */;
}
